
Microsoft Visual Studio Solution File, Format Version 12.00
# Visual Studio Version 17
VisualStudioVersion = 17.9.34723.18
MinimumVisualStudioVersion = 10.0.40219.1
Project("{FAE04EC0-301F-11D3-BF4B-00C04F79EFBC}") = "Calc", "Calc\Calc.csproj", "{B332F2AC-3A4E-4E09-8AAE-B287D5AC7EEB}"
EndProject
Global
	GlobalSection(SolutionConfigurationPlatforms) = preSolution
		Debug|Any CPU = Debug|Any CPU
		Release|Any CPU = Release|Any CPU
	EndGlobalSection
	GlobalSection(ProjectConfigurationPlatforms) = postSolution
		{B332F2AC-3A4E-4E09-8AAE-B287D5AC7EEB}.Debug|Any CPU.ActiveCfg = Debug|Any CPU
		{B332F2AC-3A4E-4E09-8AAE-B287D5AC7EEB}.Debug|Any CPU.Build.0 = Debug|Any CPU
		{B332F2AC-3A4E-4E09-8AAE-B287D5AC7EEB}.Release|Any CPU.ActiveCfg = Release|Any CPU
		{B332F2AC-3A4E-4E09-8AAE-B287D5AC7EEB}.Release|Any CPU.Build.0 = Release|Any CPU
	EndGlobalSection
	GlobalSection(SolutionProperties) = preSolution
		HideSolutionNode = FALSE
	EndGlobalSection
	GlobalSection(ExtensibilityGlobals) = postSolution
		SolutionGuid = {56BC879C-E215-4F02-B68A-0A6214DC4094}
	EndGlobalSection
EndGlobal
